// !$*UTF8*$!
{
	archiveVersion = 1;
	classes = {
	};
	objectVersion = 51;
	objects = {

/* Begin PBXBuildFile section */
		3EE7E5E397C04B487E561DA4 /* Pods_NaverMap_Practice.framework in Frameworks */ = {isa = PBXBuildFile; fileRef = 53891E3974A7E1C655DF4CB1 /* Pods_NaverMap_Practice.framework */; };
		AB4528E226CA429000E92706 /* AppDelegate.swift in Sources */ = {isa = PBXBuildFile; fileRef = AB4528E126CA429000E92706 /* AppDelegate.swift */; };
		AB4528E426CA429000E92706 /* SceneDelegate.swift in Sources */ = {isa = PBXBuildFile; fileRef = AB4528E326CA429000E92706 /* SceneDelegate.swift */; };
		AB4528E626CA429000E92706 /* ViewController.swift in Sources */ = {isa = PBXBuildFile; fileRef = AB4528E526CA429000E92706 /* ViewController.swift */; };
		AB4528E926CA429000E92706 /* Main.storyboard in Resources */ = {isa = PBXBuildFile; fileRef = AB4528E726CA429000E92706 /* Main.storyboard */; };
		AB4528EB26CA429100E92706 /* Assets.xcassets in Resources */ = {isa = PBXBuildFile; fileRef = AB4528EA26CA429100E92706 /* Assets.xcassets */; };
		AB4528EE26CA429100E92706 /* LaunchScreen.storyboard in Resources */ = {isa = PBXBuildFile; fileRef = AB4528EC26CA429100E92706 /* LaunchScreen.storyboard */; };
/* End PBXBuildFile section */

/* Begin PBXFileReference section */
		53891E3974A7E1C655DF4CB1 /* Pods_NaverMap_Practice.framework */ = {isa = PBXFileReference; explicitFileType = wrapper.framework; includeInIndex = 0; path = Pods_NaverMap_Practice.framework; sourceTree = BUILT_PRODUCTS_DIR; };
		6E0E5359C5BBF81CD6A09386 /* Pods-NaverMap_Practice.release.xcconfig */ = {isa = PBXFileReference; includeInIndex = 1; lastKnownFileType = text.xcconfig; name = "Pods-NaverMap_Practice.release.xcconfig"; path = "Target Support Files/Pods-NaverMap_Practice/Pods-NaverMap_Practice.release.xcconfig"; sourceTree = "<group>"; };
		A5D9FC34AF97E7E6EF3E70E8 /* Pods-NaverMap_Practice.debug.xcconfig */ = {isa = PBXFileReference; includeInIndex = 1; lastKnownFileType = text.xcconfig; name = "Pods-NaverMap_Practice.debug.xcconfig"; path = "Target Support Files/Pods-NaverMap_Practice/Pods-NaverMap_Practice.debug.xcconfig"; sourceTree = "<group>"; };
		AB4528DE26CA429000E92706 /* NaverMap_Practice.app */ = {isa = PBXFileReference; explicitFileType = wrapper.application; includeInIndex = 0; path = NaverMap_Practice.app; sourceTree = BUILT_PRODUCTS_DIR; };
		AB4528E126CA429000E92706 /* AppDelegate.swift */ = {isa = PBXFileReference; lastKnownFileType = sourcecode.swift; path = AppDelegate.swift; sourceTree = "<group>"; };
		AB4528E326CA429000E92706 /* SceneDelegate.swift */ = {isa = PBXFileReference; lastKnownFileType = sourcecode.swift; path = SceneDelegate.swift; sourceTree = "<group>"; };
		AB4528E526CA429000E92706 /* ViewController.swift */ = {isa = PBXFileReference; lastKnownFileType = sourcecode.swift; path = ViewController.swift; sourceTree = "<group>"; };
		AB4528E826CA429000E92706 /* Base */ = {isa = PBXFileReference; lastKnownFileType = file.storyboard; name = Base; path = Base.lproj/Main.storyboard; sourceTree = "<group>"; };
		AB4528EA26CA429100E92706 /* Assets.xcassets */ = {isa = PBXFileReference; lastKnownFileType = folder.assetcatalog; path = Assets.xcassets; sourceTree = "<group>"; };
		AB4528ED26CA429100E92706 /* Base */ = {isa = PBXFileReference; lastKnownFileType = file.storyboard; name = Base; path = Base.lproj/LaunchScreen.storyboard; sourceTree = "<group>"; };
		AB4528EF26CA429100E92706 /* Info.plist */ = {isa = PBXFileReference; lastKnownFileType = text.plist.xml; path = Info.plist; sourceTree = "<group>"; };
/* End PBXFileReference section */

/* Begin PBXFrameworksBuildPhase section */
		AB4528DB26CA429000E92706 /* Frameworks */ = {
			isa = PBXFrameworksBuildPhase;
			buildActionMask = 2147483647;
			files = (
				3EE7E5E397C04B487E561DA4 /* Pods_NaverMap_Practice.framework in Frameworks */,
			);
			runOnlyForDeploymentPostprocessing = 0;
		};
/* End PBXFrameworksBuildPhase section */

/* Begin PBXGroup section */
		69924D76C07B6AFBF297E87E /* Frameworks */ = {
			isa = PBXGroup;
			children = (
				53891E3974A7E1C655DF4CB1 /* Pods_NaverMap_Practice.framework */,
			);
			name = Frameworks;
			sourceTree = "<group>";
		};
		778DAFAFAFAD3FE7D3C414D9 /* Pods */ = {
			isa = PBXGroup;
			children = (
				A5D9FC34AF97E7E6EF3E70E8 /* Pods-NaverMap_Practice.debug.xcconfig */,
				6E0E5359C5BBF81CD6A09386 /* Pods-NaverMap_Practice.release.xcconfig */,
			);
			path = Pods;
			sourceTree = "<group>";
		};
		AB4528D526CA429000E92706 = {
			isa = PBXGroup;
			children = (
				AB4528E026CA429000E92706 /* NaverMap_Practice */,
				AB4528DF26CA429000E92706 /* Products */,
				778DAFAFAFAD3FE7D3C414D9 /* Pods */,
				69924D76C07B6AFBF297E87E /* Frameworks */,
			);
			sourceTree = "<group>";
		};
		AB4528DF26CA429000E92706 /* Products */ = {
			isa = PBXGroup;
			children = (
				AB4528DE26CA429000E92706 /* NaverMap_Practice.app */,
			);
			name = Products;
			sourceTree = "<group>";
		};
		AB4528E026CA429000E92706 /* NaverMap_Practice */ = {
			isa = PBXGroup;
			children = (
				AB4528E126CA429000E92706 /* AppDelegate.swift */,
				AB4528E326CA429000E92706 /* SceneDelegate.swift */,
				AB4528E526CA429000E92706 /* ViewController.swift */,
				AB4528E726CA429000E92706 /* Main.storyboard */,
				AB4528EA26CA429100E92706 /* Assets.xcassets */,
				AB4528EC26CA429100E92706 /* LaunchScreen.storyboard */,
				AB4528EF26CA429100E92706 /* Info.plist */,
			);
			path = NaverMap_Practice;
			sourceTree = "<group>";
		};
/* End PBXGroup section */

/* Begin PBXNativeTarget section */
		AB4528DD26CA429000E92706 /* NaverMap_Practice */ = {
			isa = PBXNativeTarget;
			buildConfigurationList = AB4528F226CA429100E92706 /* Build configuration list for PBXNativeTarget "NaverMap_Practice" */;
			buildPhases = (
				1EFAD4E35EB6CA82A37E0427 /* [CP] Check Pods Manifest.lock */,
				AB4528DA26CA429000E92706 /* Sources */,
				AB4528DB26CA429000E92706 /* Frameworks */,
				AB4528DC26CA429000E92706 /* Resources */,
				969CC2925BF8225CF79BC9B3 /* [CP] Embed Pods Frameworks */,
			);
			buildRules = (
			);
			dependencies = (
			);
			name = NaverMap_Practice;
			productName = NaverMap_Practice;
			productReference = AB4528DE26CA429000E92706 /* NaverMap_Practice.app */;
			productType = "com.apple.product-type.application";
		};
/* End PBXNativeTarget section */

/* Begin PBXProject section */
		AB4528D626CA429000E92706 /* Project object */ = {
			isa = PBXProject;
			attributes = {
				LastSwiftUpdateCheck = 1250;
				LastUpgradeCheck = 1250;
				TargetAttributes = {
					AB4528DD26CA429000E92706 = {
						CreatedOnToolsVersion = 12.5.1;
					};
				};
			};
			buildConfigurationList = AB4528D926CA429000E92706 /* Build configuration list for PBXProject "NaverMap_Practice" */;
			compatibilityVersion = "Xcode 9.3";
			developmentRegion = en;
			hasScannedForEncodings = 0;
			knownRegions = (
				en,
				Base,
			);
			mainGroup = AB4528D526CA429000E92706;
			productRefGroup = AB4528DF26CA429000E92706 /* Products */;
			projectDirPath = "";
			projectRoot = "";
			targets = (
				AB4528DD26CA429000E92706 /* NaverMap_Practice */,
			);
		};
/* End PBXProject section */

/* Begin PBXResourcesBuildPhase section */
		AB4528DC26CA429000E92706 /* Resources */ = {
			isa = PBXResourcesBuildPhase;
			buildActionMask = 2147483647;
			files = (
				AB4528EE26CA429100E92706 /* LaunchScreen.storyboard in Resources */,
				AB4528EB26CA429100E92706 /* Assets.xcassets in Resources */,
				AB4528E926CA429000E92706 /* Main.storyboard in Resources */,
			);
			runOnlyForDeploymentPostprocessing = 0;
		};
/* End PBXResourcesBuildPhase section */

/* Begin PBXShellScriptBuildPhase section */
		1EFAD4E35EB6CA82A37E0427 /* [CP] Check Pods Manifest.lock */ = {
			isa = PBXShellScriptBuildPhase;
			buildActionMask = 2147483647;
			files = (
			);
			inputFileListPaths = (
			);
			inputPaths = (
				"${PODS_PODFILE_DIR_PATH}/Podfile.lock",
				"${PODS_ROOT}/Manifest.lock",
			);
			name = "[CP] Check Pods Manifest.lock";
			outputFileListPaths = (
			);
			outputPaths = (
				"$(DERIVED_FILE_DIR)/Pods-NaverMap_Practice-checkManifestLockResult.txt",
			);
			runOnlyForDeploymentPostprocessing = 0;
			shellPath = /bin/sh;
			shellScript = "diff \"${PODS_PODFILE_DIR_PATH}/Podfile.lock\" \"${PODS_ROOT}/Manifest.lock\" > /dev/null\nif [ $? != 0 ] ; then\n    # print error to STDERR\n    echo \"error: The sandbox is not in sync with the Podfile.lock. Run 'pod install' or update your CocoaPods installation.\" >&2\n    exit 1\nfi\n# This output is used by Xcode 'outputs' to avoid re-running this script phase.\necho \"SUCCESS\" > \"${SCRIPT_OUTPUT_FILE_0}\"\n";
			showEnvVarsInLog = 0;
		};
		969CC2925BF8225CF79BC9B3 /* [CP] Embed Pods Frameworks */ = {
			isa = PBXShellScriptBuildPhase;
			buildActionMask = 2147483647;
			files = (
			);
			inputFileListPaths = (
				"${PODS_ROOT}/Target Support Files/Pods-NaverMap_Practice/Pods-NaverMap_Practice-frameworks-${CONFIGURATION}-input-files.xcfilelist",
			);
			name = "[CP] Embed Pods Frameworks";
			outputFileListPaths = (
				"${PODS_ROOT}/Target Support Files/Pods-NaverMap_Practice/Pods-NaverMap_Practice-frameworks-${CONFIGURATION}-output-files.xcfilelist",
			);
			runOnlyForDeploymentPostprocessing = 0;
			shellPath = /bin/sh;
			shellScript = "\"${PODS_ROOT}/Target Support Files/Pods-NaverMap_Practice/Pods-NaverMap_Practice-frameworks.sh\"\n";
			showEnvVarsInLog = 0;
		};
/* End PBXShellScriptBuildPhase section */

/* Begin PBXSourcesBuildPhase section */
		AB4528DA26CA429000E92706 /* Sources */ = {
			isa = PBXSourcesBuildPhase;
			buildActionMask = 2147483647;
			files = (
				AB4528E626CA429000E92706 /* ViewController.swift in Sources */,
				AB4528E226CA429000E92706 /* AppDelegate.swift in Sources */,
				AB4528E426CA429000E92706 /* SceneDelegate.swift in Sources */,
			);
			runOnlyForDeploymentPostprocessing = 0;
		};
/* End PBXSourcesBuildPhase section */

/* Begin PBXVariantGroup section */
		AB4528E726CA429000E92706 /* Main.storyboard */ = {
			isa = PBXVariantGroup;
			children = (
				AB4528E826CA429000E92706 /* Base */,
			);
			name = Main.storyboard;
			sourceTree = "<group>";
		};
		AB4528EC26CA429100E92706 /* LaunchScreen.storyboard */ = {
			isa = PBXVariantGroup;
			children = (
				AB4528ED26CA429100E92706 /* Base */,
			);
			name = LaunchScreen.storyboard;
			sourceTree = "<group>";
		};
/* End PBXVariantGroup section */

/* Begin XCBuildConfiguration section */
		AB4528F026CA429100E92706 /* Debug */ = {
			isa = XCBuildConfiguration;
			buildSettings = {
				ALWAYS_SEARCH_USER_PATHS = NO;
				CLANG_ANALYZER_NONNULL = YES;
				CLANG_ANALYZER_NUMBER_OBJECT_CONVERSION = YES_AGGRESSIVE;
				CLANG_CXX_LANGUAGE_STANDARD = "gnu++14";
				CLANG_CXX_LIBRARY = "libc++";
				CLANG_ENABLE_MODULES = YES;
				CLANG_ENABLE_OBJC_ARC = YES;
				CLANG_ENABLE_OBJC_WEAK = YES;
				CLANG_WARN_BLOCK_CAPTURE_AUTORELEASING = YES;
				CLANG_WARN_BOOL_CONVERSION = YES;
				CLANG_WARN_COMMA = YES;
				CLANG_WARN_CONSTANT_CONVERSION = YES;
				CLANG_WARN_DEPRECATED_OBJC_IMPLEMENTATIONS = YES;
				CLANG_WARN_DIRECT_OBJC_ISA_USAGE = YES_ERROR;
				CLANG_WARN_DOCUMENTATION_COMMENTS = YES;
				CLANG_WARN_EMPTY_BODY = YES;
				CLANG_WARN_ENUM_CONVERSION = YES;
				CLANG_WARN_INFINITE_RECURSION = YES;
				CLANG_WARN_INT_CONVERSION = YES;
				CLANG_WARN_NON_LITERAL_NULL_CONVERSION = YES;
				CLANG_WARN_OBJC_IMPLICIT_RETAIN_SELF = YES;
				CLANG_WARN_OBJC_LITERAL_CONVERSION = YES;
				CLANG_WARN_OBJC_ROOT_CLASS = YES_ERROR;
				CLANG_WARN_QUOTED_INCLUDE_IN_FRAMEWORK_HEADER = YES;
				CLANG_WARN_RANGE_LOOP_ANALYSIS = YES;
				CLANG_WARN_STRICT_PROTOTYPES = YES;
				CLANG_WARN_SUSPICIOUS_MOVE = YES;
				CLANG_WARN_UNGUARDED_AVAILABILITY = YES_AGGRESSIVE;
				CLANG_WARN_UNREACHABLE_CODE = YES;
				CLANG_WARN__DUPLICATE_METHOD_MATCH = YES;
				COPY_PHASE_STRIP = NO;
				DEBUG_INFORMATION_FORMAT = dwarf;
				ENABLE_STRICT_OBJC_MSGSEND = YES;
				ENABLE_TESTABILITY = YES;
				GCC_C_LANGUAGE_STANDARD = gnu11;
				GCC_DYNAMIC_NO_PIC = NO;
				GCC_NO_COMMON_BLOCKS = YES;
				GCC_OPTIMIZATION_LEVEL = 0;
				GCC_PREPROCESSOR_DEFINITIONS = (
					"DEBUG=1",
					"$(inherited)",
				);
				GCC_WARN_64_TO_32_BIT_CONVERSION = YES;
				GCC_WARN_ABOUT_RETURN_TYPE = YES_ERROR;
				GCC_WARN_UNDECLARED_SELECTOR = YES;
				GCC_WARN_UNINITIALIZED_AUTOS = YES_AGGRESSIVE;
				GCC_WARN_UNUSED_FUNCTION = YES;
				GCC_WARN_UNUSED_VARIABLE = YES;
				IPHONEOS_DEPLOYMENT_TARGET = 13.0;
				MTL_ENABLE_DEBUG_INFO = INCLUDE_SOURCE;
				MTL_FAST_MATH = YES;
				ONLY_ACTIVE_ARCH = YES;
				SDKROOT = iphoneos;
				SWIFT_ACTIVE_COMPILATION_CONDITIONS = DEBUG;
				SWIFT_OPTIMIZATION_LEVEL = "-Onone";
			};
			name = Debug;
		};
		AB4528F126CA429100E92706 /* Release */ = {
			isa = XCBuildConfiguration;
			buildSettings = {
				ALWAYS_SEARCH_USER_PATHS = NO;
				CLANG_ANALYZER_NONNULL = YES;
				CLANG_ANALYZER_NUMBER_OBJECT_CONVERSION = YES_AGGRESSIVE;
				CLANG_CXX_LANGUAGE_STANDARD = "gnu++14";
				CLANG_CXX_LIBRARY = "libc++";
				CLANG_ENABLE_MODULES = YES;
				CLANG_ENABLE_OBJC_ARC = YES;
				CLANG_ENABLE_OBJC_WEAK = YES;
				CLANG_WARN_BLOCK_CAPTURE_AUTORELEASING = YES;
				CLANG_WARN_BOOL_CONVERSION = YES;
				CLANG_WARN_COMMA = YES;
				CLANG_WARN_CONSTANT_CONVERSION = YES;
				CLANG_WARN_DEPRECATED_OBJC_IMPLEMENTATIONS = YES;
				CLANG_WARN_DIRECT_OBJC_ISA_USAGE = YES_ERROR;
				CLANG_WARN_DOCUMENTATION_COMMENTS = YES;
				CLANG_WARN_EMPTY_BODY = YES;
				CLANG_WARN_ENUM_CONVERSION = YES;
				CLANG_WARN_INFINITE_RECURSION = YES;
				CLANG_WARN_INT_CONVERSION = YES;
				CLANG_WARN_NON_LITERAL_NULL_CONVERSION = YES;
				CLANG_WARN_OBJC_IMPLICIT_RETAIN_SELF = YES;
				CLANG_WARN_OBJC_LITERAL_CONVERSION = YES;
				CLANG_WARN_OBJC_ROOT_CLASS = YES_ERROR;
				CLANG_WARN_QUOTED_INCLUDE_IN_FRAMEWORK_HEADER = YES;
				CLANG_WARN_RANGE_LOOP_ANALYSIS = YES;
				CLANG_WARN_STRICT_PROTOTYPES = YES;
				CLANG_WARN_SUSPICIOUS_MOVE = YES;
				CLANG_WARN_UNGUARDED_AVAILABILITY = YES_AGGRESSIVE;
				CLANG_WARN_UNREACHABLE_CODE = YES;
				CLANG_WARN__DUPLICATE_METHOD_MATCH = YES;
				COPY_PHASE_STRIP = NO;
				DEBUG_INFORMATION_FORMAT = "dwarf-with-dsym";
				ENABLE_NS_ASSERTIONS = NO;
				ENABLE_STRICT_OBJC_MSGSEND = YES;
				GCC_C_LANGUAGE_STANDARD = gnu11;
				GCC_NO_COMMON_BLOCKS = YES;
				GCC_WARN_64_TO_32_BIT_CONVERSION = YES;
				GCC_WARN_ABOUT_RETURN_TYPE = YES_ERROR;
				GCC_WARN_UNDECLARED_SELECTOR = YES;
				GCC_WARN_UNINITIALIZED_AUTOS = YES_AGGRESSIVE;
				GCC_WARN_UNUSED_FUNCTION = YES;
				GCC_WARN_UNUSED_VARIABLE = YES;
				IPHONEOS_DEPLOYMENT_TARGET = 13.0;
				MTL_ENABLE_DEBUG_INFO = NO;
				MTL_FAST_MATH = YES;
				SDKROOT = iphoneos;
				SWIFT_COMPILATION_MODE = wholemodule;
				SWIFT_OPTIMIZATION_LEVEL = "-O";
				VALIDATE_PRODUCT = YES;
			};
			name = Release;
		};
		AB4528F326CA429100E92706 /* Debug */ = {
			isa = XCBuildConfiguration;
			baseConfigurationReference = A5D9FC34AF97E7E6EF3E70E8 /* Pods-NaverMap_Practice.debug.xcconfig */;
			buildSettings = {
				ASSETCATALOG_COMPILER_APPICON_NAME = AppIcon;
				ASSETCATALOG_COMPILER_GLOBAL_ACCENT_COLOR_NAME = AccentColor;
				CODE_SIGN_STYLE = Automatic;
				DEVELOPMENT_TEAM = 2FBCR3YXYM;
				INFOPLIST_FILE = NaverMap_Practice/Info.plist;
				LD_RUNPATH_SEARCH_PATHS = (
					"$(inherited)",
					"@executable_path/Frameworks",
				);
				PRODUCT_BUNDLE_IDENTIFIER = "Self-Study.NaverMap-Practice";
				PRODUCT_NAME = "$(TARGET_NAME)";
				SWIFT_VERSION = 5.0;
				TARGETED_DEVICE_FAMILY = "1,2";
			};
			name = Debug;
		};
		AB4528F426CA429100E92706 /* Release */ = {
			isa = XCBuildConfiguration;
			baseConfigurationReference = 6E0E5359C5BBF81CD6A09386 /* Pods-NaverMap_Practice.release.xcconfig */;
			buildSettings = {
				ASSETCATALOG_COMPILER_APPICON_NAME = AppIcon;
				ASSETCATALOG_COMPILER_GLOBAL_ACCENT_COLOR_NAME = AccentColor;
				CODE_SIGN_STYLE = Automatic;
				DEVELOPMENT_TEAM = 2FBCR3YXYM;
				INFOPLIST_FILE = NaverMap_Practice/Info.plist;
				LD_RUNPATH_SEARCH_PATHS = (
					"$(inherited)",
					"@executable_path/Frameworks",
				);
				PRODUCT_BUNDLE_IDENTIFIER = "Self-Study.NaverMap-Practice";
				PRODUCT_NAME = "$(TARGET_NAME)";
				SWIFT_VERSION = 5.0;
				TARGETED_DEVICE_FAMILY = "1,2";
			};
			name = Release;
		};
/* End XCBuildConfiguration section */

/* Begin XCConfigurationList section */
		AB4528D926CA429000E92706 /* Build configuration list for PBXProject "NaverMap_Practice" */ = {
			isa = XCConfigurationList;
			buildConfigurations = (
				AB4528F026CA429100E92706 /* Debug */,
				AB4528F126CA429100E92706 /* Release */,
			);
			defaultConfigurationIsVisible = 0;
			defaultConfigurationName = Release;
		};
		AB4528F226CA429100E92706 /* Build configuration list for PBXNativeTarget "NaverMap_Practice" */ = {
			isa = XCConfigurationList;
			buildConfigurations = (
				AB4528F326CA429100E92706 /* Debug */,
				AB4528F426CA429100E92706 /* Release */,
			);
			defaultConfigurationIsVisible = 0;
			defaultConfigurationName = Release;
		};
/* End XCConfigurationList section */
	};
	rootObject = AB4528D626CA429000E92706 /* Project object */;
}
