// !$*UTF8*$!
{
	archiveVersion = 1;
	classes = {
	};
	objectVersion = 50;
	objects = {

/* Begin PBXBuildFile section */
		AB1EE8AB2677D54E004D920B /* AppDelegate.swift in Sources */ = {isa = PBXBuildFile; fileRef = AB1EE8AA2677D54E004D920B /* AppDelegate.swift */; };
		AB1EE8AD2677D54E004D920B /* SceneDelegate.swift in Sources */ = {isa = PBXBuildFile; fileRef = AB1EE8AC2677D54E004D920B /* SceneDelegate.swift */; };
		AB1EE8AF2677D54E004D920B /* ViewController.swift in Sources */ = {isa = PBXBuildFile; fileRef = AB1EE8AE2677D54E004D920B /* ViewController.swift */; };
		AB1EE8B22677D54E004D920B /* Main.storyboard in Resources */ = {isa = PBXBuildFile; fileRef = AB1EE8B02677D54E004D920B /* Main.storyboard */; };
		AB1EE8B42677D54F004D920B /* Assets.xcassets in Resources */ = {isa = PBXBuildFile; fileRef = AB1EE8B32677D54F004D920B /* Assets.xcassets */; };
		AB1EE8B72677D54F004D920B /* LaunchScreen.storyboard in Resources */ = {isa = PBXBuildFile; fileRef = AB1EE8B52677D54F004D920B /* LaunchScreen.storyboard */; };
		ABF4B2102678D3AB00573877 /* CollectionTableViewCell.swift in Sources */ = {isa = PBXBuildFile; fileRef = ABF4B20E2678D3AB00573877 /* CollectionTableViewCell.swift */; };
		ABF4B2112678D3AB00573877 /* CollectionTableViewCell.xib in Resources */ = {isa = PBXBuildFile; fileRef = ABF4B20F2678D3AB00573877 /* CollectionTableViewCell.xib */; };
		ABF4B2142678D3CB00573877 /* MyCollectionViewCell.swift in Sources */ = {isa = PBXBuildFile; fileRef = ABF4B2122678D3CB00573877 /* MyCollectionViewCell.swift */; };
		ABF4B2152678D3CB00573877 /* MyCollectionViewCell.xib in Resources */ = {isa = PBXBuildFile; fileRef = ABF4B2132678D3CB00573877 /* MyCollectionViewCell.xib */; };
/* End PBXBuildFile section */

/* Begin PBXFileReference section */
		AB1EE8A72677D54E004D920B /* CollectionView_In_TableView.app */ = {isa = PBXFileReference; explicitFileType = wrapper.application; includeInIndex = 0; path = CollectionView_In_TableView.app; sourceTree = BUILT_PRODUCTS_DIR; };
		AB1EE8AA2677D54E004D920B /* AppDelegate.swift */ = {isa = PBXFileReference; lastKnownFileType = sourcecode.swift; path = AppDelegate.swift; sourceTree = "<group>"; };
		AB1EE8AC2677D54E004D920B /* SceneDelegate.swift */ = {isa = PBXFileReference; lastKnownFileType = sourcecode.swift; path = SceneDelegate.swift; sourceTree = "<group>"; };
		AB1EE8AE2677D54E004D920B /* ViewController.swift */ = {isa = PBXFileReference; lastKnownFileType = sourcecode.swift; path = ViewController.swift; sourceTree = "<group>"; };
		AB1EE8B12677D54E004D920B /* Base */ = {isa = PBXFileReference; lastKnownFileType = file.storyboard; name = Base; path = Base.lproj/Main.storyboard; sourceTree = "<group>"; };
		AB1EE8B32677D54F004D920B /* Assets.xcassets */ = {isa = PBXFileReference; lastKnownFileType = folder.assetcatalog; path = Assets.xcassets; sourceTree = "<group>"; };
		AB1EE8B62677D54F004D920B /* Base */ = {isa = PBXFileReference; lastKnownFileType = file.storyboard; name = Base; path = Base.lproj/LaunchScreen.storyboard; sourceTree = "<group>"; };
		AB1EE8B82677D54F004D920B /* Info.plist */ = {isa = PBXFileReference; lastKnownFileType = text.plist.xml; path = Info.plist; sourceTree = "<group>"; };
		ABF4B20E2678D3AB00573877 /* CollectionTableViewCell.swift */ = {isa = PBXFileReference; lastKnownFileType = sourcecode.swift; path = CollectionTableViewCell.swift; sourceTree = "<group>"; };
		ABF4B20F2678D3AB00573877 /* CollectionTableViewCell.xib */ = {isa = PBXFileReference; lastKnownFileType = file.xib; path = CollectionTableViewCell.xib; sourceTree = "<group>"; };
		ABF4B2122678D3CB00573877 /* MyCollectionViewCell.swift */ = {isa = PBXFileReference; lastKnownFileType = sourcecode.swift; path = MyCollectionViewCell.swift; sourceTree = "<group>"; };
		ABF4B2132678D3CB00573877 /* MyCollectionViewCell.xib */ = {isa = PBXFileReference; lastKnownFileType = file.xib; path = MyCollectionViewCell.xib; sourceTree = "<group>"; };
/* End PBXFileReference section */

/* Begin PBXFrameworksBuildPhase section */
		AB1EE8A42677D54E004D920B /* Frameworks */ = {
			isa = PBXFrameworksBuildPhase;
			buildActionMask = 2147483647;
			files = (
			);
			runOnlyForDeploymentPostprocessing = 0;
		};
/* End PBXFrameworksBuildPhase section */

/* Begin PBXGroup section */
		AB1EE89E2677D54E004D920B = {
			isa = PBXGroup;
			children = (
				AB1EE8A92677D54E004D920B /* CollectionView_In_TableView */,
				AB1EE8A82677D54E004D920B /* Products */,
			);
			sourceTree = "<group>";
		};
		AB1EE8A82677D54E004D920B /* Products */ = {
			isa = PBXGroup;
			children = (
				AB1EE8A72677D54E004D920B /* CollectionView_In_TableView.app */,
			);
			name = Products;
			sourceTree = "<group>";
		};
		AB1EE8A92677D54E004D920B /* CollectionView_In_TableView */ = {
			isa = PBXGroup;
			children = (
				ABF4B20C2678D33000573877 /* Collection Cell */,
				ABF4B20D2678D33E00573877 /* Table Cell */,
				AB1EE8AA2677D54E004D920B /* AppDelegate.swift */,
				AB1EE8AC2677D54E004D920B /* SceneDelegate.swift */,
				AB1EE8AE2677D54E004D920B /* ViewController.swift */,
				AB1EE8B02677D54E004D920B /* Main.storyboard */,
				AB1EE8B32677D54F004D920B /* Assets.xcassets */,
				AB1EE8B52677D54F004D920B /* LaunchScreen.storyboard */,
				AB1EE8B82677D54F004D920B /* Info.plist */,
			);
			path = CollectionView_In_TableView;
			sourceTree = "<group>";
		};
		ABF4B20C2678D33000573877 /* Collection Cell */ = {
			isa = PBXGroup;
			children = (
				ABF4B2122678D3CB00573877 /* MyCollectionViewCell.swift */,
				ABF4B2132678D3CB00573877 /* MyCollectionViewCell.xib */,
			);
			path = "Collection Cell";
			sourceTree = "<group>";
		};
		ABF4B20D2678D33E00573877 /* Table Cell */ = {
			isa = PBXGroup;
			children = (
				ABF4B20E2678D3AB00573877 /* CollectionTableViewCell.swift */,
				ABF4B20F2678D3AB00573877 /* CollectionTableViewCell.xib */,
			);
			path = "Table Cell";
			sourceTree = "<group>";
		};
/* End PBXGroup section */

/* Begin PBXNativeTarget section */
		AB1EE8A62677D54E004D920B /* CollectionView_In_TableView */ = {
			isa = PBXNativeTarget;
			buildConfigurationList = AB1EE8BB2677D54F004D920B /* Build configuration list for PBXNativeTarget "CollectionView_In_TableView" */;
			buildPhases = (
				AB1EE8A32677D54E004D920B /* Sources */,
				AB1EE8A42677D54E004D920B /* Frameworks */,
				AB1EE8A52677D54E004D920B /* Resources */,
			);
			buildRules = (
			);
			dependencies = (
			);
			name = CollectionView_In_TableView;
			productName = CollectionView_In_TableView;
			productReference = AB1EE8A72677D54E004D920B /* CollectionView_In_TableView.app */;
			productType = "com.apple.product-type.application";
		};
/* End PBXNativeTarget section */

/* Begin PBXProject section */
		AB1EE89F2677D54E004D920B /* Project object */ = {
			isa = PBXProject;
			attributes = {
				LastSwiftUpdateCheck = 1250;
				LastUpgradeCheck = 1250;
				TargetAttributes = {
					AB1EE8A62677D54E004D920B = {
						CreatedOnToolsVersion = 12.5;
					};
				};
			};
			buildConfigurationList = AB1EE8A22677D54E004D920B /* Build configuration list for PBXProject "CollectionView_In_TableView" */;
			compatibilityVersion = "Xcode 9.3";
			developmentRegion = en;
			hasScannedForEncodings = 0;
			knownRegions = (
				en,
				Base,
			);
			mainGroup = AB1EE89E2677D54E004D920B;
			productRefGroup = AB1EE8A82677D54E004D920B /* Products */;
			projectDirPath = "";
			projectRoot = "";
			targets = (
				AB1EE8A62677D54E004D920B /* CollectionView_In_TableView */,
			);
		};
/* End PBXProject section */

/* Begin PBXResourcesBuildPhase section */
		AB1EE8A52677D54E004D920B /* Resources */ = {
			isa = PBXResourcesBuildPhase;
			buildActionMask = 2147483647;
			files = (
				ABF4B2152678D3CB00573877 /* MyCollectionViewCell.xib in Resources */,
				AB1EE8B72677D54F004D920B /* LaunchScreen.storyboard in Resources */,
				AB1EE8B42677D54F004D920B /* Assets.xcassets in Resources */,
				AB1EE8B22677D54E004D920B /* Main.storyboard in Resources */,
				ABF4B2112678D3AB00573877 /* CollectionTableViewCell.xib in Resources */,
			);
			runOnlyForDeploymentPostprocessing = 0;
		};
/* End PBXResourcesBuildPhase section */

/* Begin PBXSourcesBuildPhase section */
		AB1EE8A32677D54E004D920B /* Sources */ = {
			isa = PBXSourcesBuildPhase;
			buildActionMask = 2147483647;
			files = (
				AB1EE8AF2677D54E004D920B /* ViewController.swift in Sources */,
				ABF4B2142678D3CB00573877 /* MyCollectionViewCell.swift in Sources */,
				AB1EE8AB2677D54E004D920B /* AppDelegate.swift in Sources */,
				AB1EE8AD2677D54E004D920B /* SceneDelegate.swift in Sources */,
				ABF4B2102678D3AB00573877 /* CollectionTableViewCell.swift in Sources */,
			);
			runOnlyForDeploymentPostprocessing = 0;
		};
/* End PBXSourcesBuildPhase section */

/* Begin PBXVariantGroup section */
		AB1EE8B02677D54E004D920B /* Main.storyboard */ = {
			isa = PBXVariantGroup;
			children = (
				AB1EE8B12677D54E004D920B /* Base */,
			);
			name = Main.storyboard;
			sourceTree = "<group>";
		};
		AB1EE8B52677D54F004D920B /* LaunchScreen.storyboard */ = {
			isa = PBXVariantGroup;
			children = (
				AB1EE8B62677D54F004D920B /* Base */,
			);
			name = LaunchScreen.storyboard;
			sourceTree = "<group>";
		};
/* End PBXVariantGroup section */

/* Begin XCBuildConfiguration section */
		AB1EE8B92677D54F004D920B /* Debug */ = {
			isa = XCBuildConfiguration;
			buildSettings = {
				ALWAYS_SEARCH_USER_PATHS = NO;
				CLANG_ANALYZER_NONNULL = YES;
				CLANG_ANALYZER_NUMBER_OBJECT_CONVERSION = YES_AGGRESSIVE;
				CLANG_CXX_LANGUAGE_STANDARD = "gnu++14";
				CLANG_CXX_LIBRARY = "libc++";
				CLANG_ENABLE_MODULES = YES;
				CLANG_ENABLE_OBJC_ARC = YES;
				CLANG_ENABLE_OBJC_WEAK = YES;
				CLANG_WARN_BLOCK_CAPTURE_AUTORELEASING = YES;
				CLANG_WARN_BOOL_CONVERSION = YES;
				CLANG_WARN_COMMA = YES;
				CLANG_WARN_CONSTANT_CONVERSION = YES;
				CLANG_WARN_DEPRECATED_OBJC_IMPLEMENTATIONS = YES;
				CLANG_WARN_DIRECT_OBJC_ISA_USAGE = YES_ERROR;
				CLANG_WARN_DOCUMENTATION_COMMENTS = YES;
				CLANG_WARN_EMPTY_BODY = YES;
				CLANG_WARN_ENUM_CONVERSION = YES;
				CLANG_WARN_INFINITE_RECURSION = YES;
				CLANG_WARN_INT_CONVERSION = YES;
				CLANG_WARN_NON_LITERAL_NULL_CONVERSION = YES;
				CLANG_WARN_OBJC_IMPLICIT_RETAIN_SELF = YES;
				CLANG_WARN_OBJC_LITERAL_CONVERSION = YES;
				CLANG_WARN_OBJC_ROOT_CLASS = YES_ERROR;
				CLANG_WARN_QUOTED_INCLUDE_IN_FRAMEWORK_HEADER = YES;
				CLANG_WARN_RANGE_LOOP_ANALYSIS = YES;
				CLANG_WARN_STRICT_PROTOTYPES = YES;
				CLANG_WARN_SUSPICIOUS_MOVE = YES;
				CLANG_WARN_UNGUARDED_AVAILABILITY = YES_AGGRESSIVE;
				CLANG_WARN_UNREACHABLE_CODE = YES;
				CLANG_WARN__DUPLICATE_METHOD_MATCH = YES;
				COPY_PHASE_STRIP = NO;
				DEBUG_INFORMATION_FORMAT = dwarf;
				ENABLE_STRICT_OBJC_MSGSEND = YES;
				ENABLE_TESTABILITY = YES;
				GCC_C_LANGUAGE_STANDARD = gnu11;
				GCC_DYNAMIC_NO_PIC = NO;
				GCC_NO_COMMON_BLOCKS = YES;
				GCC_OPTIMIZATION_LEVEL = 0;
				GCC_PREPROCESSOR_DEFINITIONS = (
					"DEBUG=1",
					"$(inherited)",
				);
				GCC_WARN_64_TO_32_BIT_CONVERSION = YES;
				GCC_WARN_ABOUT_RETURN_TYPE = YES_ERROR;
				GCC_WARN_UNDECLARED_SELECTOR = YES;
				GCC_WARN_UNINITIALIZED_AUTOS = YES_AGGRESSIVE;
				GCC_WARN_UNUSED_FUNCTION = YES;
				GCC_WARN_UNUSED_VARIABLE = YES;
				IPHONEOS_DEPLOYMENT_TARGET = 14.5;
				MTL_ENABLE_DEBUG_INFO = INCLUDE_SOURCE;
				MTL_FAST_MATH = YES;
				ONLY_ACTIVE_ARCH = YES;
				SDKROOT = iphoneos;
				SWIFT_ACTIVE_COMPILATION_CONDITIONS = DEBUG;
				SWIFT_OPTIMIZATION_LEVEL = "-Onone";
			};
			name = Debug;
		};
		AB1EE8BA2677D54F004D920B /* Release */ = {
			isa = XCBuildConfiguration;
			buildSettings = {
				ALWAYS_SEARCH_USER_PATHS = NO;
				CLANG_ANALYZER_NONNULL = YES;
				CLANG_ANALYZER_NUMBER_OBJECT_CONVERSION = YES_AGGRESSIVE;
				CLANG_CXX_LANGUAGE_STANDARD = "gnu++14";
				CLANG_CXX_LIBRARY = "libc++";
				CLANG_ENABLE_MODULES = YES;
				CLANG_ENABLE_OBJC_ARC = YES;
				CLANG_ENABLE_OBJC_WEAK = YES;
				CLANG_WARN_BLOCK_CAPTURE_AUTORELEASING = YES;
				CLANG_WARN_BOOL_CONVERSION = YES;
				CLANG_WARN_COMMA = YES;
				CLANG_WARN_CONSTANT_CONVERSION = YES;
				CLANG_WARN_DEPRECATED_OBJC_IMPLEMENTATIONS = YES;
				CLANG_WARN_DIRECT_OBJC_ISA_USAGE = YES_ERROR;
				CLANG_WARN_DOCUMENTATION_COMMENTS = YES;
				CLANG_WARN_EMPTY_BODY = YES;
				CLANG_WARN_ENUM_CONVERSION = YES;
				CLANG_WARN_INFINITE_RECURSION = YES;
				CLANG_WARN_INT_CONVERSION = YES;
				CLANG_WARN_NON_LITERAL_NULL_CONVERSION = YES;
				CLANG_WARN_OBJC_IMPLICIT_RETAIN_SELF = YES;
				CLANG_WARN_OBJC_LITERAL_CONVERSION = YES;
				CLANG_WARN_OBJC_ROOT_CLASS = YES_ERROR;
				CLANG_WARN_QUOTED_INCLUDE_IN_FRAMEWORK_HEADER = YES;
				CLANG_WARN_RANGE_LOOP_ANALYSIS = YES;
				CLANG_WARN_STRICT_PROTOTYPES = YES;
				CLANG_WARN_SUSPICIOUS_MOVE = YES;
				CLANG_WARN_UNGUARDED_AVAILABILITY = YES_AGGRESSIVE;
				CLANG_WARN_UNREACHABLE_CODE = YES;
				CLANG_WARN__DUPLICATE_METHOD_MATCH = YES;
				COPY_PHASE_STRIP = NO;
				DEBUG_INFORMATION_FORMAT = "dwarf-with-dsym";
				ENABLE_NS_ASSERTIONS = NO;
				ENABLE_STRICT_OBJC_MSGSEND = YES;
				GCC_C_LANGUAGE_STANDARD = gnu11;
				GCC_NO_COMMON_BLOCKS = YES;
				GCC_WARN_64_TO_32_BIT_CONVERSION = YES;
				GCC_WARN_ABOUT_RETURN_TYPE = YES_ERROR;
				GCC_WARN_UNDECLARED_SELECTOR = YES;
				GCC_WARN_UNINITIALIZED_AUTOS = YES_AGGRESSIVE;
				GCC_WARN_UNUSED_FUNCTION = YES;
				GCC_WARN_UNUSED_VARIABLE = YES;
				IPHONEOS_DEPLOYMENT_TARGET = 14.5;
				MTL_ENABLE_DEBUG_INFO = NO;
				MTL_FAST_MATH = YES;
				SDKROOT = iphoneos;
				SWIFT_COMPILATION_MODE = wholemodule;
				SWIFT_OPTIMIZATION_LEVEL = "-O";
				VALIDATE_PRODUCT = YES;
			};
			name = Release;
		};
		AB1EE8BC2677D54F004D920B /* Debug */ = {
			isa = XCBuildConfiguration;
			buildSettings = {
				ASSETCATALOG_COMPILER_APPICON_NAME = AppIcon;
				ASSETCATALOG_COMPILER_GLOBAL_ACCENT_COLOR_NAME = AccentColor;
				CODE_SIGN_STYLE = Automatic;
				DEVELOPMENT_TEAM = 2FBCR3YXYM;
				INFOPLIST_FILE = CollectionView_In_TableView/Info.plist;
				LD_RUNPATH_SEARCH_PATHS = (
					"$(inherited)",
					"@executable_path/Frameworks",
				);
				PRODUCT_BUNDLE_IDENTIFIER = "self-practice.CollectionView-In-TableView";
				PRODUCT_NAME = "$(TARGET_NAME)";
				SWIFT_VERSION = 5.0;
				TARGETED_DEVICE_FAMILY = "1,2";
			};
			name = Debug;
		};
		AB1EE8BD2677D54F004D920B /* Release */ = {
			isa = XCBuildConfiguration;
			buildSettings = {
				ASSETCATALOG_COMPILER_APPICON_NAME = AppIcon;
				ASSETCATALOG_COMPILER_GLOBAL_ACCENT_COLOR_NAME = AccentColor;
				CODE_SIGN_STYLE = Automatic;
				DEVELOPMENT_TEAM = 2FBCR3YXYM;
				INFOPLIST_FILE = CollectionView_In_TableView/Info.plist;
				LD_RUNPATH_SEARCH_PATHS = (
					"$(inherited)",
					"@executable_path/Frameworks",
				);
				PRODUCT_BUNDLE_IDENTIFIER = "self-practice.CollectionView-In-TableView";
				PRODUCT_NAME = "$(TARGET_NAME)";
				SWIFT_VERSION = 5.0;
				TARGETED_DEVICE_FAMILY = "1,2";
			};
			name = Release;
		};
/* End XCBuildConfiguration section */

/* Begin XCConfigurationList section */
		AB1EE8A22677D54E004D920B /* Build configuration list for PBXProject "CollectionView_In_TableView" */ = {
			isa = XCConfigurationList;
			buildConfigurations = (
				AB1EE8B92677D54F004D920B /* Debug */,
				AB1EE8BA2677D54F004D920B /* Release */,
			);
			defaultConfigurationIsVisible = 0;
			defaultConfigurationName = Release;
		};
		AB1EE8BB2677D54F004D920B /* Build configuration list for PBXNativeTarget "CollectionView_In_TableView" */ = {
			isa = XCConfigurationList;
			buildConfigurations = (
				AB1EE8BC2677D54F004D920B /* Debug */,
				AB1EE8BD2677D54F004D920B /* Release */,
			);
			defaultConfigurationIsVisible = 0;
			defaultConfigurationName = Release;
		};
/* End XCConfigurationList section */
	};
	rootObject = AB1EE89F2677D54E004D920B /* Project object */;
}
