// !$*UTF8*$!
{
	archiveVersion = 1;
	classes = {
	};
	objectVersion = 50;
	objects = {

/* Begin PBXBuildFile section */
		ABB5556226764DF400F7C18C /* AppDelegate.swift in Sources */ = {isa = PBXBuildFile; fileRef = ABB5556126764DF400F7C18C /* AppDelegate.swift */; };
		ABB5556426764DF400F7C18C /* SceneDelegate.swift in Sources */ = {isa = PBXBuildFile; fileRef = ABB5556326764DF400F7C18C /* SceneDelegate.swift */; };
		ABB5556626764DF400F7C18C /* ViewController.swift in Sources */ = {isa = PBXBuildFile; fileRef = ABB5556526764DF400F7C18C /* ViewController.swift */; };
		ABB5556926764DF400F7C18C /* Main.storyboard in Resources */ = {isa = PBXBuildFile; fileRef = ABB5556726764DF400F7C18C /* Main.storyboard */; };
		ABB5556B26764DF500F7C18C /* Assets.xcassets in Resources */ = {isa = PBXBuildFile; fileRef = ABB5556A26764DF500F7C18C /* Assets.xcassets */; };
		ABB5556E26764DF500F7C18C /* LaunchScreen.storyboard in Resources */ = {isa = PBXBuildFile; fileRef = ABB5556C26764DF500F7C18C /* LaunchScreen.storyboard */; };
		ABB55576267658BC00F7C18C /* DemoCell.swift in Sources */ = {isa = PBXBuildFile; fileRef = ABB55575267658BC00F7C18C /* DemoCell.swift */; };
/* End PBXBuildFile section */

/* Begin PBXFileReference section */
		ABB5555E26764DF400F7C18C /* cutomTabbar_Practice.app */ = {isa = PBXFileReference; explicitFileType = wrapper.application; includeInIndex = 0; path = cutomTabbar_Practice.app; sourceTree = BUILT_PRODUCTS_DIR; };
		ABB5556126764DF400F7C18C /* AppDelegate.swift */ = {isa = PBXFileReference; lastKnownFileType = sourcecode.swift; path = AppDelegate.swift; sourceTree = "<group>"; };
		ABB5556326764DF400F7C18C /* SceneDelegate.swift */ = {isa = PBXFileReference; lastKnownFileType = sourcecode.swift; path = SceneDelegate.swift; sourceTree = "<group>"; };
		ABB5556526764DF400F7C18C /* ViewController.swift */ = {isa = PBXFileReference; lastKnownFileType = sourcecode.swift; path = ViewController.swift; sourceTree = "<group>"; };
		ABB5556826764DF400F7C18C /* Base */ = {isa = PBXFileReference; lastKnownFileType = file.storyboard; name = Base; path = Base.lproj/Main.storyboard; sourceTree = "<group>"; };
		ABB5556A26764DF500F7C18C /* Assets.xcassets */ = {isa = PBXFileReference; lastKnownFileType = folder.assetcatalog; path = Assets.xcassets; sourceTree = "<group>"; };
		ABB5556D26764DF500F7C18C /* Base */ = {isa = PBXFileReference; lastKnownFileType = file.storyboard; name = Base; path = Base.lproj/LaunchScreen.storyboard; sourceTree = "<group>"; };
		ABB5556F26764DF500F7C18C /* Info.plist */ = {isa = PBXFileReference; lastKnownFileType = text.plist.xml; path = Info.plist; sourceTree = "<group>"; };
		ABB55575267658BC00F7C18C /* DemoCell.swift */ = {isa = PBXFileReference; lastKnownFileType = sourcecode.swift; path = DemoCell.swift; sourceTree = "<group>"; };
/* End PBXFileReference section */

/* Begin PBXFrameworksBuildPhase section */
		ABB5555B26764DF400F7C18C /* Frameworks */ = {
			isa = PBXFrameworksBuildPhase;
			buildActionMask = 2147483647;
			files = (
			);
			runOnlyForDeploymentPostprocessing = 0;
		};
/* End PBXFrameworksBuildPhase section */

/* Begin PBXGroup section */
		ABB5555526764DF400F7C18C = {
			isa = PBXGroup;
			children = (
				ABB5556026764DF400F7C18C /* cutomTabbar_Practice */,
				ABB5555F26764DF400F7C18C /* Products */,
			);
			sourceTree = "<group>";
		};
		ABB5555F26764DF400F7C18C /* Products */ = {
			isa = PBXGroup;
			children = (
				ABB5555E26764DF400F7C18C /* cutomTabbar_Practice.app */,
			);
			name = Products;
			sourceTree = "<group>";
		};
		ABB5556026764DF400F7C18C /* cutomTabbar_Practice */ = {
			isa = PBXGroup;
			children = (
				ABB5556126764DF400F7C18C /* AppDelegate.swift */,
				ABB5556326764DF400F7C18C /* SceneDelegate.swift */,
				ABB5556526764DF400F7C18C /* ViewController.swift */,
				ABB55575267658BC00F7C18C /* DemoCell.swift */,
				ABB5556726764DF400F7C18C /* Main.storyboard */,
				ABB5556A26764DF500F7C18C /* Assets.xcassets */,
				ABB5556C26764DF500F7C18C /* LaunchScreen.storyboard */,
				ABB5556F26764DF500F7C18C /* Info.plist */,
			);
			path = cutomTabbar_Practice;
			sourceTree = "<group>";
		};
/* End PBXGroup section */

/* Begin PBXNativeTarget section */
		ABB5555D26764DF400F7C18C /* cutomTabbar_Practice */ = {
			isa = PBXNativeTarget;
			buildConfigurationList = ABB5557226764DF600F7C18C /* Build configuration list for PBXNativeTarget "cutomTabbar_Practice" */;
			buildPhases = (
				ABB5555A26764DF400F7C18C /* Sources */,
				ABB5555B26764DF400F7C18C /* Frameworks */,
				ABB5555C26764DF400F7C18C /* Resources */,
			);
			buildRules = (
			);
			dependencies = (
			);
			name = cutomTabbar_Practice;
			productName = cutomTabbar_Practice;
			productReference = ABB5555E26764DF400F7C18C /* cutomTabbar_Practice.app */;
			productType = "com.apple.product-type.application";
		};
/* End PBXNativeTarget section */

/* Begin PBXProject section */
		ABB5555626764DF400F7C18C /* Project object */ = {
			isa = PBXProject;
			attributes = {
				LastSwiftUpdateCheck = 1250;
				LastUpgradeCheck = 1250;
				TargetAttributes = {
					ABB5555D26764DF400F7C18C = {
						CreatedOnToolsVersion = 12.5;
					};
				};
			};
			buildConfigurationList = ABB5555926764DF400F7C18C /* Build configuration list for PBXProject "cutomTabbar_Practice" */;
			compatibilityVersion = "Xcode 9.3";
			developmentRegion = en;
			hasScannedForEncodings = 0;
			knownRegions = (
				en,
				Base,
			);
			mainGroup = ABB5555526764DF400F7C18C;
			productRefGroup = ABB5555F26764DF400F7C18C /* Products */;
			projectDirPath = "";
			projectRoot = "";
			targets = (
				ABB5555D26764DF400F7C18C /* cutomTabbar_Practice */,
			);
		};
/* End PBXProject section */

/* Begin PBXResourcesBuildPhase section */
		ABB5555C26764DF400F7C18C /* Resources */ = {
			isa = PBXResourcesBuildPhase;
			buildActionMask = 2147483647;
			files = (
				ABB5556E26764DF500F7C18C /* LaunchScreen.storyboard in Resources */,
				ABB5556B26764DF500F7C18C /* Assets.xcassets in Resources */,
				ABB5556926764DF400F7C18C /* Main.storyboard in Resources */,
			);
			runOnlyForDeploymentPostprocessing = 0;
		};
/* End PBXResourcesBuildPhase section */

/* Begin PBXSourcesBuildPhase section */
		ABB5555A26764DF400F7C18C /* Sources */ = {
			isa = PBXSourcesBuildPhase;
			buildActionMask = 2147483647;
			files = (
				ABB5556626764DF400F7C18C /* ViewController.swift in Sources */,
				ABB5556226764DF400F7C18C /* AppDelegate.swift in Sources */,
				ABB55576267658BC00F7C18C /* DemoCell.swift in Sources */,
				ABB5556426764DF400F7C18C /* SceneDelegate.swift in Sources */,
			);
			runOnlyForDeploymentPostprocessing = 0;
		};
/* End PBXSourcesBuildPhase section */

/* Begin PBXVariantGroup section */
		ABB5556726764DF400F7C18C /* Main.storyboard */ = {
			isa = PBXVariantGroup;
			children = (
				ABB5556826764DF400F7C18C /* Base */,
			);
			name = Main.storyboard;
			sourceTree = "<group>";
		};
		ABB5556C26764DF500F7C18C /* LaunchScreen.storyboard */ = {
			isa = PBXVariantGroup;
			children = (
				ABB5556D26764DF500F7C18C /* Base */,
			);
			name = LaunchScreen.storyboard;
			sourceTree = "<group>";
		};
/* End PBXVariantGroup section */

/* Begin XCBuildConfiguration section */
		ABB5557026764DF500F7C18C /* Debug */ = {
			isa = XCBuildConfiguration;
			buildSettings = {
				ALWAYS_SEARCH_USER_PATHS = NO;
				CLANG_ANALYZER_NONNULL = YES;
				CLANG_ANALYZER_NUMBER_OBJECT_CONVERSION = YES_AGGRESSIVE;
				CLANG_CXX_LANGUAGE_STANDARD = "gnu++14";
				CLANG_CXX_LIBRARY = "libc++";
				CLANG_ENABLE_MODULES = YES;
				CLANG_ENABLE_OBJC_ARC = YES;
				CLANG_ENABLE_OBJC_WEAK = YES;
				CLANG_WARN_BLOCK_CAPTURE_AUTORELEASING = YES;
				CLANG_WARN_BOOL_CONVERSION = YES;
				CLANG_WARN_COMMA = YES;
				CLANG_WARN_CONSTANT_CONVERSION = YES;
				CLANG_WARN_DEPRECATED_OBJC_IMPLEMENTATIONS = YES;
				CLANG_WARN_DIRECT_OBJC_ISA_USAGE = YES_ERROR;
				CLANG_WARN_DOCUMENTATION_COMMENTS = YES;
				CLANG_WARN_EMPTY_BODY = YES;
				CLANG_WARN_ENUM_CONVERSION = YES;
				CLANG_WARN_INFINITE_RECURSION = YES;
				CLANG_WARN_INT_CONVERSION = YES;
				CLANG_WARN_NON_LITERAL_NULL_CONVERSION = YES;
				CLANG_WARN_OBJC_IMPLICIT_RETAIN_SELF = YES;
				CLANG_WARN_OBJC_LITERAL_CONVERSION = YES;
				CLANG_WARN_OBJC_ROOT_CLASS = YES_ERROR;
				CLANG_WARN_QUOTED_INCLUDE_IN_FRAMEWORK_HEADER = YES;
				CLANG_WARN_RANGE_LOOP_ANALYSIS = YES;
				CLANG_WARN_STRICT_PROTOTYPES = YES;
				CLANG_WARN_SUSPICIOUS_MOVE = YES;
				CLANG_WARN_UNGUARDED_AVAILABILITY = YES_AGGRESSIVE;
				CLANG_WARN_UNREACHABLE_CODE = YES;
				CLANG_WARN__DUPLICATE_METHOD_MATCH = YES;
				COPY_PHASE_STRIP = NO;
				DEBUG_INFORMATION_FORMAT = dwarf;
				ENABLE_STRICT_OBJC_MSGSEND = YES;
				ENABLE_TESTABILITY = YES;
				GCC_C_LANGUAGE_STANDARD = gnu11;
				GCC_DYNAMIC_NO_PIC = NO;
				GCC_NO_COMMON_BLOCKS = YES;
				GCC_OPTIMIZATION_LEVEL = 0;
				GCC_PREPROCESSOR_DEFINITIONS = (
					"DEBUG=1",
					"$(inherited)",
				);
				GCC_WARN_64_TO_32_BIT_CONVERSION = YES;
				GCC_WARN_ABOUT_RETURN_TYPE = YES_ERROR;
				GCC_WARN_UNDECLARED_SELECTOR = YES;
				GCC_WARN_UNINITIALIZED_AUTOS = YES_AGGRESSIVE;
				GCC_WARN_UNUSED_FUNCTION = YES;
				GCC_WARN_UNUSED_VARIABLE = YES;
				IPHONEOS_DEPLOYMENT_TARGET = 14.5;
				MTL_ENABLE_DEBUG_INFO = INCLUDE_SOURCE;
				MTL_FAST_MATH = YES;
				ONLY_ACTIVE_ARCH = YES;
				SDKROOT = iphoneos;
				SWIFT_ACTIVE_COMPILATION_CONDITIONS = DEBUG;
				SWIFT_OPTIMIZATION_LEVEL = "-Onone";
			};
			name = Debug;
		};
		ABB5557126764DF500F7C18C /* Release */ = {
			isa = XCBuildConfiguration;
			buildSettings = {
				ALWAYS_SEARCH_USER_PATHS = NO;
				CLANG_ANALYZER_NONNULL = YES;
				CLANG_ANALYZER_NUMBER_OBJECT_CONVERSION = YES_AGGRESSIVE;
				CLANG_CXX_LANGUAGE_STANDARD = "gnu++14";
				CLANG_CXX_LIBRARY = "libc++";
				CLANG_ENABLE_MODULES = YES;
				CLANG_ENABLE_OBJC_ARC = YES;
				CLANG_ENABLE_OBJC_WEAK = YES;
				CLANG_WARN_BLOCK_CAPTURE_AUTORELEASING = YES;
				CLANG_WARN_BOOL_CONVERSION = YES;
				CLANG_WARN_COMMA = YES;
				CLANG_WARN_CONSTANT_CONVERSION = YES;
				CLANG_WARN_DEPRECATED_OBJC_IMPLEMENTATIONS = YES;
				CLANG_WARN_DIRECT_OBJC_ISA_USAGE = YES_ERROR;
				CLANG_WARN_DOCUMENTATION_COMMENTS = YES;
				CLANG_WARN_EMPTY_BODY = YES;
				CLANG_WARN_ENUM_CONVERSION = YES;
				CLANG_WARN_INFINITE_RECURSION = YES;
				CLANG_WARN_INT_CONVERSION = YES;
				CLANG_WARN_NON_LITERAL_NULL_CONVERSION = YES;
				CLANG_WARN_OBJC_IMPLICIT_RETAIN_SELF = YES;
				CLANG_WARN_OBJC_LITERAL_CONVERSION = YES;
				CLANG_WARN_OBJC_ROOT_CLASS = YES_ERROR;
				CLANG_WARN_QUOTED_INCLUDE_IN_FRAMEWORK_HEADER = YES;
				CLANG_WARN_RANGE_LOOP_ANALYSIS = YES;
				CLANG_WARN_STRICT_PROTOTYPES = YES;
				CLANG_WARN_SUSPICIOUS_MOVE = YES;
				CLANG_WARN_UNGUARDED_AVAILABILITY = YES_AGGRESSIVE;
				CLANG_WARN_UNREACHABLE_CODE = YES;
				CLANG_WARN__DUPLICATE_METHOD_MATCH = YES;
				COPY_PHASE_STRIP = NO;
				DEBUG_INFORMATION_FORMAT = "dwarf-with-dsym";
				ENABLE_NS_ASSERTIONS = NO;
				ENABLE_STRICT_OBJC_MSGSEND = YES;
				GCC_C_LANGUAGE_STANDARD = gnu11;
				GCC_NO_COMMON_BLOCKS = YES;
				GCC_WARN_64_TO_32_BIT_CONVERSION = YES;
				GCC_WARN_ABOUT_RETURN_TYPE = YES_ERROR;
				GCC_WARN_UNDECLARED_SELECTOR = YES;
				GCC_WARN_UNINITIALIZED_AUTOS = YES_AGGRESSIVE;
				GCC_WARN_UNUSED_FUNCTION = YES;
				GCC_WARN_UNUSED_VARIABLE = YES;
				IPHONEOS_DEPLOYMENT_TARGET = 14.5;
				MTL_ENABLE_DEBUG_INFO = NO;
				MTL_FAST_MATH = YES;
				SDKROOT = iphoneos;
				SWIFT_COMPILATION_MODE = wholemodule;
				SWIFT_OPTIMIZATION_LEVEL = "-O";
				VALIDATE_PRODUCT = YES;
			};
			name = Release;
		};
		ABB5557326764DF600F7C18C /* Debug */ = {
			isa = XCBuildConfiguration;
			buildSettings = {
				ASSETCATALOG_COMPILER_APPICON_NAME = AppIcon;
				ASSETCATALOG_COMPILER_GLOBAL_ACCENT_COLOR_NAME = AccentColor;
				CODE_SIGN_STYLE = Automatic;
				DEVELOPMENT_TEAM = 2FBCR3YXYM;
				INFOPLIST_FILE = cutomTabbar_Practice/Info.plist;
				LD_RUNPATH_SEARCH_PATHS = (
					"$(inherited)",
					"@executable_path/Frameworks",
				);
				PRODUCT_BUNDLE_IDENTIFIER = "self-practice.cutomTabbar-Practice";
				PRODUCT_NAME = "$(TARGET_NAME)";
				SWIFT_VERSION = 5.0;
				TARGETED_DEVICE_FAMILY = "1,2";
			};
			name = Debug;
		};
		ABB5557426764DF600F7C18C /* Release */ = {
			isa = XCBuildConfiguration;
			buildSettings = {
				ASSETCATALOG_COMPILER_APPICON_NAME = AppIcon;
				ASSETCATALOG_COMPILER_GLOBAL_ACCENT_COLOR_NAME = AccentColor;
				CODE_SIGN_STYLE = Automatic;
				DEVELOPMENT_TEAM = 2FBCR3YXYM;
				INFOPLIST_FILE = cutomTabbar_Practice/Info.plist;
				LD_RUNPATH_SEARCH_PATHS = (
					"$(inherited)",
					"@executable_path/Frameworks",
				);
				PRODUCT_BUNDLE_IDENTIFIER = "self-practice.cutomTabbar-Practice";
				PRODUCT_NAME = "$(TARGET_NAME)";
				SWIFT_VERSION = 5.0;
				TARGETED_DEVICE_FAMILY = "1,2";
			};
			name = Release;
		};
/* End XCBuildConfiguration section */

/* Begin XCConfigurationList section */
		ABB5555926764DF400F7C18C /* Build configuration list for PBXProject "cutomTabbar_Practice" */ = {
			isa = XCConfigurationList;
			buildConfigurations = (
				ABB5557026764DF500F7C18C /* Debug */,
				ABB5557126764DF500F7C18C /* Release */,
			);
			defaultConfigurationIsVisible = 0;
			defaultConfigurationName = Release;
		};
		ABB5557226764DF600F7C18C /* Build configuration list for PBXNativeTarget "cutomTabbar_Practice" */ = {
			isa = XCConfigurationList;
			buildConfigurations = (
				ABB5557326764DF600F7C18C /* Debug */,
				ABB5557426764DF600F7C18C /* Release */,
			);
			defaultConfigurationIsVisible = 0;
			defaultConfigurationName = Release;
		};
/* End XCConfigurationList section */
	};
	rootObject = ABB5555626764DF400F7C18C /* Project object */;
}
